// !$*UTF8*$!
{
	archiveVersion = 1;
	classes = {
	};
	objectVersion = 50;
	objects = {

/* Begin PBXBuildFile section */
		D5E2092722D7DC6B00627196 /* AppDelegate.swift in Sources */ = {isa = PBXBuildFile; fileRef = D5E2092622D7DC6B00627196 /* AppDelegate.swift */; };
		D5E2092C22D7DC6B00627196 /* Main.storyboard in Resources */ = {isa = PBXBuildFile; fileRef = D5E2092A22D7DC6B00627196 /* Main.storyboard */; };
		D5E2092F22D7DC6B00627196 /* AudioCaptureAndPlayback.xcdatamodeld in Sources */ = {isa = PBXBuildFile; fileRef = D5E2092D22D7DC6B00627196 /* AudioCaptureAndPlayback.xcdatamodeld */; };
		D5E2093122D7DC6E00627196 /* Assets.xcassets in Resources */ = {isa = PBXBuildFile; fileRef = D5E2093022D7DC6E00627196 /* Assets.xcassets */; };
		D5E2093422D7DC6E00627196 /* LaunchScreen.storyboard in Resources */ = {isa = PBXBuildFile; fileRef = D5E2093222D7DC6E00627196 /* LaunchScreen.storyboard */; };
		D5E2093F22D7DC6E00627196 /* AudioCaptureAndPlaybackUITests.swift in Sources */ = {isa = PBXBuildFile; fileRef = D5E2093E22D7DC6E00627196 /* AudioCaptureAndPlaybackUITests.swift */; };
		D5E2094A22D7DD5700627196 /* AudioCaptureViewController.swift in Sources */ = {isa = PBXBuildFile; fileRef = D5E2094922D7DD5700627196 /* AudioCaptureViewController.swift */; };
/* End PBXBuildFile section */

/* Begin PBXContainerItemProxy section */
		D5E2093B22D7DC6E00627196 /* PBXContainerItemProxy */ = {
			isa = PBXContainerItemProxy;
			containerPortal = D5E2091B22D7DC6B00627196 /* Project object */;
			proxyType = 1;
			remoteGlobalIDString = D5E2092222D7DC6B00627196;
			remoteInfo = AudioCaptureAndPlayback;
		};
/* End PBXContainerItemProxy section */

/* Begin PBXFileReference section */
		D5E2092322D7DC6B00627196 /* AudioCaptureAndPlayback.app */ = {isa = PBXFileReference; explicitFileType = wrapper.application; includeInIndex = 0; path = AudioCaptureAndPlayback.app; sourceTree = BUILT_PRODUCTS_DIR; };
		D5E2092622D7DC6B00627196 /* AppDelegate.swift */ = {isa = PBXFileReference; lastKnownFileType = sourcecode.swift; path = AppDelegate.swift; sourceTree = "<group>"; };
		D5E2092B22D7DC6B00627196 /* Base */ = {isa = PBXFileReference; lastKnownFileType = file.storyboard; name = Base; path = Base.lproj/Main.storyboard; sourceTree = "<group>"; };
		D5E2092E22D7DC6B00627196 /* AudioCaptureAndPlayback.xcdatamodel */ = {isa = PBXFileReference; lastKnownFileType = wrapper.xcdatamodel; path = AudioCaptureAndPlayback.xcdatamodel; sourceTree = "<group>"; };
		D5E2093022D7DC6E00627196 /* Assets.xcassets */ = {isa = PBXFileReference; lastKnownFileType = folder.assetcatalog; path = Assets.xcassets; sourceTree = "<group>"; };
		D5E2093322D7DC6E00627196 /* Base */ = {isa = PBXFileReference; lastKnownFileType = file.storyboard; name = Base; path = Base.lproj/LaunchScreen.storyboard; sourceTree = "<group>"; };
		D5E2093522D7DC6E00627196 /* Info.plist */ = {isa = PBXFileReference; lastKnownFileType = text.plist.xml; path = Info.plist; sourceTree = "<group>"; };
		D5E2093A22D7DC6E00627196 /* AudioCaptureAndPlaybackUITests.xctest */ = {isa = PBXFileReference; explicitFileType = wrapper.cfbundle; includeInIndex = 0; path = AudioCaptureAndPlaybackUITests.xctest; sourceTree = BUILT_PRODUCTS_DIR; };
		D5E2093E22D7DC6E00627196 /* AudioCaptureAndPlaybackUITests.swift */ = {isa = PBXFileReference; lastKnownFileType = sourcecode.swift; path = AudioCaptureAndPlaybackUITests.swift; sourceTree = "<group>"; };
		D5E2094022D7DC6E00627196 /* Info.plist */ = {isa = PBXFileReference; lastKnownFileType = text.plist.xml; path = Info.plist; sourceTree = "<group>"; };
		D5E2094922D7DD5700627196 /* AudioCaptureViewController.swift */ = {isa = PBXFileReference; lastKnownFileType = sourcecode.swift; path = AudioCaptureViewController.swift; sourceTree = "<group>"; };
/* End PBXFileReference section */

/* Begin PBXFrameworksBuildPhase section */
		D5E2092022D7DC6B00627196 /* Frameworks */ = {
			isa = PBXFrameworksBuildPhase;
			buildActionMask = 2147483647;
			files = (
			);
			runOnlyForDeploymentPostprocessing = 0;
		};
		D5E2093722D7DC6E00627196 /* Frameworks */ = {
			isa = PBXFrameworksBuildPhase;
			buildActionMask = 2147483647;
			files = (
			);
			runOnlyForDeploymentPostprocessing = 0;
		};
/* End PBXFrameworksBuildPhase section */

/* Begin PBXGroup section */
		D5E2091A22D7DC6B00627196 = {
			isa = PBXGroup;
			children = (
				D5E2092522D7DC6B00627196 /* AudioCaptureAndPlayback */,
				D5E2093D22D7DC6E00627196 /* AudioCaptureAndPlaybackUITests */,
				D5E2092422D7DC6B00627196 /* Products */,
			);
			sourceTree = "<group>";
		};
		D5E2092422D7DC6B00627196 /* Products */ = {
			isa = PBXGroup;
			children = (
				D5E2092322D7DC6B00627196 /* AudioCaptureAndPlayback.app */,
				D5E2093A22D7DC6E00627196 /* AudioCaptureAndPlaybackUITests.xctest */,
			);
			name = Products;
			sourceTree = "<group>";
		};
		D5E2092522D7DC6B00627196 /* AudioCaptureAndPlayback */ = {
			isa = PBXGroup;
			children = (
				D5E2092622D7DC6B00627196 /* AppDelegate.swift */,
				D5E2092A22D7DC6B00627196 /* Main.storyboard */,
				D5E2093022D7DC6E00627196 /* Assets.xcassets */,
				D5E2093222D7DC6E00627196 /* LaunchScreen.storyboard */,
				D5E2093522D7DC6E00627196 /* Info.plist */,
				D5E2092D22D7DC6B00627196 /* AudioCaptureAndPlayback.xcdatamodeld */,
				D5E2094922D7DD5700627196 /* AudioCaptureViewController.swift */,
			);
			path = AudioCaptureAndPlayback;
			sourceTree = "<group>";
		};
		D5E2093D22D7DC6E00627196 /* AudioCaptureAndPlaybackUITests */ = {
			isa = PBXGroup;
			children = (
				D5E2093E22D7DC6E00627196 /* AudioCaptureAndPlaybackUITests.swift */,
				D5E2094022D7DC6E00627196 /* Info.plist */,
			);
			path = AudioCaptureAndPlaybackUITests;
			sourceTree = "<group>";
		};
/* End PBXGroup section */

/* Begin PBXNativeTarget section */
		D5E2092222D7DC6B00627196 /* AudioCaptureAndPlayback */ = {
			isa = PBXNativeTarget;
			buildConfigurationList = D5E2094322D7DC6E00627196 /* Build configuration list for PBXNativeTarget "AudioCaptureAndPlayback" */;
			buildPhases = (
				D5E2091F22D7DC6B00627196 /* Sources */,
				D5E2092022D7DC6B00627196 /* Frameworks */,
				D5E2092122D7DC6B00627196 /* Resources */,
			);
			buildRules = (
			);
			dependencies = (
			);
			name = AudioCaptureAndPlayback;
			productName = AudioCaptureAndPlayback;
			productReference = D5E2092322D7DC6B00627196 /* AudioCaptureAndPlayback.app */;
			productType = "com.apple.product-type.application";
		};
		D5E2093922D7DC6E00627196 /* AudioCaptureAndPlaybackUITests */ = {
			isa = PBXNativeTarget;
			buildConfigurationList = D5E2094622D7DC6E00627196 /* Build configuration list for PBXNativeTarget "AudioCaptureAndPlaybackUITests" */;
			buildPhases = (
				D5E2093622D7DC6E00627196 /* Sources */,
				D5E2093722D7DC6E00627196 /* Frameworks */,
				D5E2093822D7DC6E00627196 /* Resources */,
			);
			buildRules = (
			);
			dependencies = (
				D5E2093C22D7DC6E00627196 /* PBXTargetDependency */,
			);
			name = AudioCaptureAndPlaybackUITests;
			productName = AudioCaptureAndPlaybackUITests;
			productReference = D5E2093A22D7DC6E00627196 /* AudioCaptureAndPlaybackUITests.xctest */;
			productType = "com.apple.product-type.bundle.ui-testing";
		};
/* End PBXNativeTarget section */

/* Begin PBXProject section */
		D5E2091B22D7DC6B00627196 /* Project object */ = {
			isa = PBXProject;
			attributes = {
				LastSwiftUpdateCheck = 1010;
				LastUpgradeCheck = 1010;
				ORGANIZATIONNAME = "Felipe Costa";
				TargetAttributes = {
					D5E2092222D7DC6B00627196 = {
						CreatedOnToolsVersion = 10.1;
					};
					D5E2093922D7DC6E00627196 = {
						CreatedOnToolsVersion = 10.1;
						TestTargetID = D5E2092222D7DC6B00627196;
					};
				};
			};
			buildConfigurationList = D5E2091E22D7DC6B00627196 /* Build configuration list for PBXProject "AudioCaptureAndPlayback" */;
			compatibilityVersion = "Xcode 9.3";
			developmentRegion = en;
			hasScannedForEncodings = 0;
			knownRegions = (
				en,
				Base,
			);
			mainGroup = D5E2091A22D7DC6B00627196;
			productRefGroup = D5E2092422D7DC6B00627196 /* Products */;
			projectDirPath = "";
			projectRoot = "";
			targets = (
				D5E2092222D7DC6B00627196 /* AudioCaptureAndPlayback */,
				D5E2093922D7DC6E00627196 /* AudioCaptureAndPlaybackUITests */,
			);
		};
/* End PBXProject section */

/* Begin PBXResourcesBuildPhase section */
		D5E2092122D7DC6B00627196 /* Resources */ = {
			isa = PBXResourcesBuildPhase;
			buildActionMask = 2147483647;
			files = (
				D5E2093422D7DC6E00627196 /* LaunchScreen.storyboard in Resources */,
				D5E2093122D7DC6E00627196 /* Assets.xcassets in Resources */,
				D5E2092C22D7DC6B00627196 /* Main.storyboard in Resources */,
			);
			runOnlyForDeploymentPostprocessing = 0;
		};
		D5E2093822D7DC6E00627196 /* Resources */ = {
			isa = PBXResourcesBuildPhase;
			buildActionMask = 2147483647;
			files = (
			);
			runOnlyForDeploymentPostprocessing = 0;
		};
/* End PBXResourcesBuildPhase section */

/* Begin PBXSourcesBuildPhase section */
		D5E2091F22D7DC6B00627196 /* Sources */ = {
			isa = PBXSourcesBuildPhase;
			buildActionMask = 2147483647;
			files = (
				D5E2092F22D7DC6B00627196 /* AudioCaptureAndPlayback.xcdatamodeld in Sources */,
				D5E2094A22D7DD5700627196 /* AudioCaptureViewController.swift in Sources */,
				D5E2092722D7DC6B00627196 /* AppDelegate.swift in Sources */,
			);
			runOnlyForDeploymentPostprocessing = 0;
		};
		D5E2093622D7DC6E00627196 /* Sources */ = {
			isa = PBXSourcesBuildPhase;
			buildActionMask = 2147483647;
			files = (
				D5E2093F22D7DC6E00627196 /* AudioCaptureAndPlaybackUITests.swift in Sources */,
			);
			runOnlyForDeploymentPostprocessing = 0;
		};
/* End PBXSourcesBuildPhase section */

/* Begin PBXTargetDependency section */
		D5E2093C22D7DC6E00627196 /* PBXTargetDependency */ = {
			isa = PBXTargetDependency;
			target = D5E2092222D7DC6B00627196 /* AudioCaptureAndPlayback */;
			targetProxy = D5E2093B22D7DC6E00627196 /* PBXContainerItemProxy */;
		};
/* End PBXTargetDependency section */

/* Begin PBXVariantGroup section */
		D5E2092A22D7DC6B00627196 /* Main.storyboard */ = {
			isa = PBXVariantGroup;
			children = (
				D5E2092B22D7DC6B00627196 /* Base */,
			);
			name = Main.storyboard;
			sourceTree = "<group>";
		};
		D5E2093222D7DC6E00627196 /* LaunchScreen.storyboard */ = {
			isa = PBXVariantGroup;
			children = (
				D5E2093322D7DC6E00627196 /* Base */,
			);
			name = LaunchScreen.storyboard;
			sourceTree = "<group>";
		};
/* End PBXVariantGroup section */

/* Begin XCBuildConfiguration section */
		D5E2094122D7DC6E00627196 /* Debug */ = {
			isa = XCBuildConfiguration;
			buildSettings = {
				ALWAYS_SEARCH_USER_PATHS = NO;
				CLANG_ANALYZER_NONNULL = YES;
				CLANG_ANALYZER_NUMBER_OBJECT_CONVERSION = YES_AGGRESSIVE;
				CLANG_CXX_LANGUAGE_STANDARD = "gnu++14";
				CLANG_CXX_LIBRARY = "libc++";
				CLANG_ENABLE_MODULES = YES;
				CLANG_ENABLE_OBJC_ARC = YES;
				CLANG_ENABLE_OBJC_WEAK = YES;
				CLANG_WARN_BLOCK_CAPTURE_AUTORELEASING = YES;
				CLANG_WARN_BOOL_CONVERSION = YES;
				CLANG_WARN_COMMA = YES;
				CLANG_WARN_CONSTANT_CONVERSION = YES;
				CLANG_WARN_DEPRECATED_OBJC_IMPLEMENTATIONS = YES;
				CLANG_WARN_DIRECT_OBJC_ISA_USAGE = YES_ERROR;
				CLANG_WARN_DOCUMENTATION_COMMENTS = YES;
				CLANG_WARN_EMPTY_BODY = YES;
				CLANG_WARN_ENUM_CONVERSION = YES;
				CLANG_WARN_INFINITE_RECURSION = YES;
				CLANG_WARN_INT_CONVERSION = YES;
				CLANG_WARN_NON_LITERAL_NULL_CONVERSION = YES;
				CLANG_WARN_OBJC_IMPLICIT_RETAIN_SELF = YES;
				CLANG_WARN_OBJC_LITERAL_CONVERSION = YES;
				CLANG_WARN_OBJC_ROOT_CLASS = YES_ERROR;
				CLANG_WARN_RANGE_LOOP_ANALYSIS = YES;
				CLANG_WARN_STRICT_PROTOTYPES = YES;
				CLANG_WARN_SUSPICIOUS_MOVE = YES;
				CLANG_WARN_UNGUARDED_AVAILABILITY = YES_AGGRESSIVE;
				CLANG_WARN_UNREACHABLE_CODE = YES;
				CLANG_WARN__DUPLICATE_METHOD_MATCH = YES;
				CODE_SIGN_IDENTITY = "iPhone Developer";
				COPY_PHASE_STRIP = NO;
				DEBUG_INFORMATION_FORMAT = dwarf;
				ENABLE_STRICT_OBJC_MSGSEND = YES;
				ENABLE_TESTABILITY = YES;
				GCC_C_LANGUAGE_STANDARD = gnu11;
				GCC_DYNAMIC_NO_PIC = NO;
				GCC_NO_COMMON_BLOCKS = YES;
				GCC_OPTIMIZATION_LEVEL = 0;
				GCC_PREPROCESSOR_DEFINITIONS = (
					"DEBUG=1",
					"$(inherited)",
				);
				GCC_WARN_64_TO_32_BIT_CONVERSION = YES;
				GCC_WARN_ABOUT_RETURN_TYPE = YES_ERROR;
				GCC_WARN_UNDECLARED_SELECTOR = YES;
				GCC_WARN_UNINITIALIZED_AUTOS = YES_AGGRESSIVE;
				GCC_WARN_UNUSED_FUNCTION = YES;
				GCC_WARN_UNUSED_VARIABLE = YES;
				IPHONEOS_DEPLOYMENT_TARGET = 12.1;
				MTL_ENABLE_DEBUG_INFO = INCLUDE_SOURCE;
				MTL_FAST_MATH = YES;
				ONLY_ACTIVE_ARCH = YES;
				SDKROOT = iphoneos;
				SWIFT_ACTIVE_COMPILATION_CONDITIONS = DEBUG;
				SWIFT_OPTIMIZATION_LEVEL = "-Onone";
			};
			name = Debug;
		};
		D5E2094222D7DC6E00627196 /* Release */ = {
			isa = XCBuildConfiguration;
			buildSettings = {
				ALWAYS_SEARCH_USER_PATHS = NO;
				CLANG_ANALYZER_NONNULL = YES;
				CLANG_ANALYZER_NUMBER_OBJECT_CONVERSION = YES_AGGRESSIVE;
				CLANG_CXX_LANGUAGE_STANDARD = "gnu++14";
				CLANG_CXX_LIBRARY = "libc++";
				CLANG_ENABLE_MODULES = YES;
				CLANG_ENABLE_OBJC_ARC = YES;
				CLANG_ENABLE_OBJC_WEAK = YES;
				CLANG_WARN_BLOCK_CAPTURE_AUTORELEASING = YES;
				CLANG_WARN_BOOL_CONVERSION = YES;
				CLANG_WARN_COMMA = YES;
				CLANG_WARN_CONSTANT_CONVERSION = YES;
				CLANG_WARN_DEPRECATED_OBJC_IMPLEMENTATIONS = YES;
				CLANG_WARN_DIRECT_OBJC_ISA_USAGE = YES_ERROR;
				CLANG_WARN_DOCUMENTATION_COMMENTS = YES;
				CLANG_WARN_EMPTY_BODY = YES;
				CLANG_WARN_ENUM_CONVERSION = YES;
				CLANG_WARN_INFINITE_RECURSION = YES;
				CLANG_WARN_INT_CONVERSION = YES;
				CLANG_WARN_NON_LITERAL_NULL_CONVERSION = YES;
				CLANG_WARN_OBJC_IMPLICIT_RETAIN_SELF = YES;
				CLANG_WARN_OBJC_LITERAL_CONVERSION = YES;
				CLANG_WARN_OBJC_ROOT_CLASS = YES_ERROR;
				CLANG_WARN_RANGE_LOOP_ANALYSIS = YES;
				CLANG_WARN_STRICT_PROTOTYPES = YES;
				CLANG_WARN_SUSPICIOUS_MOVE = YES;
				CLANG_WARN_UNGUARDED_AVAILABILITY = YES_AGGRESSIVE;
				CLANG_WARN_UNREACHABLE_CODE = YES;
				CLANG_WARN__DUPLICATE_METHOD_MATCH = YES;
				CODE_SIGN_IDENTITY = "iPhone Developer";
				COPY_PHASE_STRIP = NO;
				DEBUG_INFORMATION_FORMAT = "dwarf-with-dsym";
				ENABLE_NS_ASSERTIONS = NO;
				ENABLE_STRICT_OBJC_MSGSEND = YES;
				GCC_C_LANGUAGE_STANDARD = gnu11;
				GCC_NO_COMMON_BLOCKS = YES;
				GCC_WARN_64_TO_32_BIT_CONVERSION = YES;
				GCC_WARN_ABOUT_RETURN_TYPE = YES_ERROR;
				GCC_WARN_UNDECLARED_SELECTOR = YES;
				GCC_WARN_UNINITIALIZED_AUTOS = YES_AGGRESSIVE;
				GCC_WARN_UNUSED_FUNCTION = YES;
				GCC_WARN_UNUSED_VARIABLE = YES;
				IPHONEOS_DEPLOYMENT_TARGET = 12.1;
				MTL_ENABLE_DEBUG_INFO = NO;
				MTL_FAST_MATH = YES;
				SDKROOT = iphoneos;
				SWIFT_COMPILATION_MODE = wholemodule;
				SWIFT_OPTIMIZATION_LEVEL = "-O";
				VALIDATE_PRODUCT = YES;
			};
			name = Release;
		};
		D5E2094422D7DC6E00627196 /* Debug */ = {
			isa = XCBuildConfiguration;
			buildSettings = {
				ASSETCATALOG_COMPILER_APPICON_NAME = AppIcon;
				CODE_SIGN_STYLE = Automatic;
				DEVELOPMENT_TEAM = 67M3TUBYTU;
				INFOPLIST_FILE = AudioCaptureAndPlayback/Info.plist;
				LD_RUNPATH_SEARCH_PATHS = (
					"$(inherited)",
					"@executable_path/Frameworks",
				);
				PRODUCT_BUNDLE_IDENTIFIER = fvc2m9.mizzou.AudioCaptureAndPlayback;
				PRODUCT_NAME = "$(TARGET_NAME)";
				SWIFT_VERSION = 4.2;
				TARGETED_DEVICE_FAMILY = "1,2";
			};
			name = Debug;
		};
		D5E2094522D7DC6E00627196 /* Release */ = {
			isa = XCBuildConfiguration;
			buildSettings = {
				ASSETCATALOG_COMPILER_APPICON_NAME = AppIcon;
				CODE_SIGN_STYLE = Automatic;
				DEVELOPMENT_TEAM = 67M3TUBYTU;
				INFOPLIST_FILE = AudioCaptureAndPlayback/Info.plist;
				LD_RUNPATH_SEARCH_PATHS = (
					"$(inherited)",
					"@executable_path/Frameworks",
				);
				PRODUCT_BUNDLE_IDENTIFIER = fvc2m9.mizzou.AudioCaptureAndPlayback;
				PRODUCT_NAME = "$(TARGET_NAME)";
				SWIFT_VERSION = 4.2;
				TARGETED_DEVICE_FAMILY = "1,2";
			};
			name = Release;
		};
		D5E2094722D7DC6E00627196 /* Debug */ = {
			isa = XCBuildConfiguration;
			buildSettings = {
				ALWAYS_EMBED_SWIFT_STANDARD_LIBRARIES = YES;
				CODE_SIGN_STYLE = Automatic;
				DEVELOPMENT_TEAM = 67M3TUBYTU;
				INFOPLIST_FILE = AudioCaptureAndPlaybackUITests/Info.plist;
				LD_RUNPATH_SEARCH_PATHS = (
					"$(inherited)",
					"@executable_path/Frameworks",
					"@loader_path/Frameworks",
				);
				PRODUCT_BUNDLE_IDENTIFIER = fvc2m9.mizzou.AudioCaptureAndPlaybackUITests;
				PRODUCT_NAME = "$(TARGET_NAME)";
				SWIFT_VERSION = 4.2;
				TARGETED_DEVICE_FAMILY = "1,2";
				TEST_TARGET_NAME = AudioCaptureAndPlayback;
			};
			name = Debug;
		};
		D5E2094822D7DC6E00627196 /* Release */ = {
			isa = XCBuildConfiguration;
			buildSettings = {
				ALWAYS_EMBED_SWIFT_STANDARD_LIBRARIES = YES;
				CODE_SIGN_STYLE = Automatic;
				DEVELOPMENT_TEAM = 67M3TUBYTU;
				INFOPLIST_FILE = AudioCaptureAndPlaybackUITests/Info.plist;
				LD_RUNPATH_SEARCH_PATHS = (
					"$(inherited)",
					"@executable_path/Frameworks",
					"@loader_path/Frameworks",
				);
				PRODUCT_BUNDLE_IDENTIFIER = fvc2m9.mizzou.AudioCaptureAndPlaybackUITests;
				PRODUCT_NAME = "$(TARGET_NAME)";
				SWIFT_VERSION = 4.2;
				TARGETED_DEVICE_FAMILY = "1,2";
				TEST_TARGET_NAME = AudioCaptureAndPlayback;
			};
			name = Release;
		};
/* End XCBuildConfiguration section */

/* Begin XCConfigurationList section */
		D5E2091E22D7DC6B00627196 /* Build configuration list for PBXProject "AudioCaptureAndPlayback" */ = {
			isa = XCConfigurationList;
			buildConfigurations = (
				D5E2094122D7DC6E00627196 /* Debug */,
				D5E2094222D7DC6E00627196 /* Release */,
			);
			defaultConfigurationIsVisible = 0;
			defaultConfigurationName = Release;
		};
		D5E2094322D7DC6E00627196 /* Build configuration list for PBXNativeTarget "AudioCaptureAndPlayback" */ = {
			isa = XCConfigurationList;
			buildConfigurations = (
				D5E2094422D7DC6E00627196 /* Debug */,
				D5E2094522D7DC6E00627196 /* Release */,
			);
			defaultConfigurationIsVisible = 0;
			defaultConfigurationName = Release;
		};
		D5E2094622D7DC6E00627196 /* Build configuration list for PBXNativeTarget "AudioCaptureAndPlaybackUITests" */ = {
			isa = XCConfigurationList;
			buildConfigurations = (
				D5E2094722D7DC6E00627196 /* Debug */,
				D5E2094822D7DC6E00627196 /* Release */,
			);
			defaultConfigurationIsVisible = 0;
			defaultConfigurationName = Release;
		};
/* End XCConfigurationList section */

/* Begin XCVersionGroup section */
		D5E2092D22D7DC6B00627196 /* AudioCaptureAndPlayback.xcdatamodeld */ = {
			isa = XCVersionGroup;
			children = (
				D5E2092E22D7DC6B00627196 /* AudioCaptureAndPlayback.xcdatamodel */,
			);
			currentVersion = D5E2092E22D7DC6B00627196 /* AudioCaptureAndPlayback.xcdatamodel */;
			path = AudioCaptureAndPlayback.xcdatamodeld;
			sourceTree = "<group>";
			versionGroupType = wrapper.xcdatamodel;
		};
/* End XCVersionGroup section */
	};
	rootObject = D5E2091B22D7DC6B00627196 /* Project object */;
}
